
Microsoft Visual Studio Solution File, Format Version 12.00
# Visual Studio Version 17
VisualStudioVersion = 17.9.34902.65
MinimumVisualStudioVersion = 10.0.40219.1
Project("{9A19103F-16F7-4668-BE54-9A1E7A4F7556}") = "DotNetBasicLessons_innaSVA", "DotNetBasicLessons_innaSVA\DotNetBasicLessons_innaSVA.csproj", "{ADB3EEF3-62C3-4194-A95C-7A0EB9D2A1BC}"
EndProject
Project("{9A19103F-16F7-4668-BE54-9A1E7A4F7556}") = "HomeWork_1", "HomWork_1\HomeWork_1.csproj", "{351362B0-D298-40D7-B5C3-AB30D0C0F656}"
EndProject
Project("{9A19103F-16F7-4668-BE54-9A1E7A4F7556}") = "HomeWork_2", "HomeWork_2\HomeWork_2.csproj", "{DCA2578A-179A-4FE0-B2EA-E76FCB176EE2}"
EndProject
Project("{FAE04EC0-301F-11D3-BF4B-00C04F79EFBC}") = "HomeWork_2.1", "HomeWork_2.1\HomeWork_2.1.csproj", "{FF997C2F-5E21-4014-81B4-11FB4493FF81}"
EndProject
Project("{FAE04EC0-301F-11D3-BF4B-00C04F79EFBC}") = "HomeWork_3", "HomeWork_3\HomeWork_3.csproj", "{0902D594-E165-476F-B795-5CD07DC39007}"
EndProject
Global
	GlobalSection(SolutionConfigurationPlatforms) = preSolution
		Debug|Any CPU = Debug|Any CPU
		Release|Any CPU = Release|Any CPU
	EndGlobalSection
	GlobalSection(ProjectConfigurationPlatforms) = postSolution
		{ADB3EEF3-62C3-4194-A95C-7A0EB9D2A1BC}.Debug|Any CPU.ActiveCfg = Debug|Any CPU
		{ADB3EEF3-62C3-4194-A95C-7A0EB9D2A1BC}.Debug|Any CPU.Build.0 = Debug|Any CPU
		{ADB3EEF3-62C3-4194-A95C-7A0EB9D2A1BC}.Release|Any CPU.ActiveCfg = Release|Any CPU
		{ADB3EEF3-62C3-4194-A95C-7A0EB9D2A1BC}.Release|Any CPU.Build.0 = Release|Any CPU
		{351362B0-D298-40D7-B5C3-AB30D0C0F656}.Debug|Any CPU.ActiveCfg = Debug|Any CPU
		{351362B0-D298-40D7-B5C3-AB30D0C0F656}.Debug|Any CPU.Build.0 = Debug|Any CPU
		{351362B0-D298-40D7-B5C3-AB30D0C0F656}.Release|Any CPU.ActiveCfg = Release|Any CPU
		{351362B0-D298-40D7-B5C3-AB30D0C0F656}.Release|Any CPU.Build.0 = Release|Any CPU
		{DCA2578A-179A-4FE0-B2EA-E76FCB176EE2}.Debug|Any CPU.ActiveCfg = Debug|Any CPU
		{DCA2578A-179A-4FE0-B2EA-E76FCB176EE2}.Debug|Any CPU.Build.0 = Debug|Any CPU
		{DCA2578A-179A-4FE0-B2EA-E76FCB176EE2}.Release|Any CPU.ActiveCfg = Release|Any CPU
		{DCA2578A-179A-4FE0-B2EA-E76FCB176EE2}.Release|Any CPU.Build.0 = Release|Any CPU
		{FF997C2F-5E21-4014-81B4-11FB4493FF81}.Debug|Any CPU.ActiveCfg = Debug|Any CPU
		{FF997C2F-5E21-4014-81B4-11FB4493FF81}.Debug|Any CPU.Build.0 = Debug|Any CPU
		{FF997C2F-5E21-4014-81B4-11FB4493FF81}.Release|Any CPU.ActiveCfg = Release|Any CPU
		{FF997C2F-5E21-4014-81B4-11FB4493FF81}.Release|Any CPU.Build.0 = Release|Any CPU
		{0902D594-E165-476F-B795-5CD07DC39007}.Debug|Any CPU.ActiveCfg = Debug|Any CPU
		{0902D594-E165-476F-B795-5CD07DC39007}.Debug|Any CPU.Build.0 = Debug|Any CPU
		{0902D594-E165-476F-B795-5CD07DC39007}.Release|Any CPU.ActiveCfg = Release|Any CPU
		{0902D594-E165-476F-B795-5CD07DC39007}.Release|Any CPU.Build.0 = Release|Any CPU
	EndGlobalSection
	GlobalSection(SolutionProperties) = preSolution
		HideSolutionNode = FALSE
	EndGlobalSection
	GlobalSection(ExtensibilityGlobals) = postSolution
		SolutionGuid = {1FDE714D-8421-444D-A166-CD1B5A30F972}
	EndGlobalSection
EndGlobal
